// !$*UTF8*$!
{
	archiveVersion = 1;
	classes = {
	};
	objectVersion = 55;
	objects = {

/* Begin PBXBuildFile section */
		067968AB8C472EBC9EEE6356 /* Pods_RealmSample.framework in Frameworks */ = {isa = PBXBuildFile; fileRef = C34A606CF79B9EAB6FF477BB /* Pods_RealmSample.framework */; };
		3BB93D5428A08B3100CCDAB3 /* AppDelegate.swift in Sources */ = {isa = PBXBuildFile; fileRef = 3BB93D5328A08B3100CCDAB3 /* AppDelegate.swift */; };
		3BB93D5628A08B3100CCDAB3 /* SceneDelegate.swift in Sources */ = {isa = PBXBuildFile; fileRef = 3BB93D5528A08B3100CCDAB3 /* SceneDelegate.swift */; };
		3BB93D5828A08B3100CCDAB3 /* PersonListViewController.swift in Sources */ = {isa = PBXBuildFile; fileRef = 3BB93D5728A08B3100CCDAB3 /* PersonListViewController.swift */; };
		3BB93D5B28A08B3100CCDAB3 /* Main.storyboard in Resources */ = {isa = PBXBuildFile; fileRef = 3BB93D5928A08B3100CCDAB3 /* Main.storyboard */; };
		3BB93D5D28A08B3100CCDAB3 /* Assets.xcassets in Resources */ = {isa = PBXBuildFile; fileRef = 3BB93D5C28A08B3100CCDAB3 /* Assets.xcassets */; };
		3BB93D6028A08B3100CCDAB3 /* LaunchScreen.storyboard in Resources */ = {isa = PBXBuildFile; fileRef = 3BB93D5E28A08B3100CCDAB3 /* LaunchScreen.storyboard */; };
		3BCA979C28A08EF3002D537B /* Person.swift in Sources */ = {isa = PBXBuildFile; fileRef = 3BCA979B28A08EF3002D537B /* Person.swift */; };
		3BCA979E28A08F42002D537B /* Dog.swift in Sources */ = {isa = PBXBuildFile; fileRef = 3BCA979D28A08F42002D537B /* Dog.swift */; };
		3BCA97A028A092E1002D537B /* EditDataViewController.xib in Resources */ = {isa = PBXBuildFile; fileRef = 3BCA979F28A092E1002D537B /* EditDataViewController.xib */; };
		3BCA97A228A092ED002D537B /* EditDataViewController.swift in Sources */ = {isa = PBXBuildFile; fileRef = 3BCA97A128A092ED002D537B /* EditDataViewController.swift */; };
/* End PBXBuildFile section */

/* Begin PBXFileReference section */
		3BB93D5028A08B3100CCDAB3 /* RealmSample.app */ = {isa = PBXFileReference; explicitFileType = wrapper.application; includeInIndex = 0; path = RealmSample.app; sourceTree = BUILT_PRODUCTS_DIR; };
		3BB93D5328A08B3100CCDAB3 /* AppDelegate.swift */ = {isa = PBXFileReference; lastKnownFileType = sourcecode.swift; path = AppDelegate.swift; sourceTree = "<group>"; };
		3BB93D5528A08B3100CCDAB3 /* SceneDelegate.swift */ = {isa = PBXFileReference; lastKnownFileType = sourcecode.swift; path = SceneDelegate.swift; sourceTree = "<group>"; };
		3BB93D5728A08B3100CCDAB3 /* PersonListViewController.swift */ = {isa = PBXFileReference; lastKnownFileType = sourcecode.swift; path = PersonListViewController.swift; sourceTree = "<group>"; };
		3BB93D5A28A08B3100CCDAB3 /* Base */ = {isa = PBXFileReference; lastKnownFileType = file.storyboard; name = Base; path = Base.lproj/Main.storyboard; sourceTree = "<group>"; };
		3BB93D5C28A08B3100CCDAB3 /* Assets.xcassets */ = {isa = PBXFileReference; lastKnownFileType = folder.assetcatalog; path = Assets.xcassets; sourceTree = "<group>"; };
		3BB93D5F28A08B3100CCDAB3 /* Base */ = {isa = PBXFileReference; lastKnownFileType = file.storyboard; name = Base; path = Base.lproj/LaunchScreen.storyboard; sourceTree = "<group>"; };
		3BB93D6128A08B3100CCDAB3 /* Info.plist */ = {isa = PBXFileReference; lastKnownFileType = text.plist.xml; path = Info.plist; sourceTree = "<group>"; };
		3BCA979B28A08EF3002D537B /* Person.swift */ = {isa = PBXFileReference; lastKnownFileType = sourcecode.swift; path = Person.swift; sourceTree = "<group>"; };
		3BCA979D28A08F42002D537B /* Dog.swift */ = {isa = PBXFileReference; lastKnownFileType = sourcecode.swift; path = Dog.swift; sourceTree = "<group>"; };
		3BCA979F28A092E1002D537B /* EditDataViewController.xib */ = {isa = PBXFileReference; lastKnownFileType = file.xib; path = EditDataViewController.xib; sourceTree = "<group>"; };
		3BCA97A128A092ED002D537B /* EditDataViewController.swift */ = {isa = PBXFileReference; lastKnownFileType = sourcecode.swift; path = EditDataViewController.swift; sourceTree = "<group>"; };
		3F6D7850BD02FB2D2E253D1A /* Pods-RealmSample.release.xcconfig */ = {isa = PBXFileReference; includeInIndex = 1; lastKnownFileType = text.xcconfig; name = "Pods-RealmSample.release.xcconfig"; path = "Target Support Files/Pods-RealmSample/Pods-RealmSample.release.xcconfig"; sourceTree = "<group>"; };
		69674743277DE3E63129A173 /* Pods-RealmSample.debug.xcconfig */ = {isa = PBXFileReference; includeInIndex = 1; lastKnownFileType = text.xcconfig; name = "Pods-RealmSample.debug.xcconfig"; path = "Target Support Files/Pods-RealmSample/Pods-RealmSample.debug.xcconfig"; sourceTree = "<group>"; };
		C34A606CF79B9EAB6FF477BB /* Pods_RealmSample.framework */ = {isa = PBXFileReference; explicitFileType = wrapper.framework; includeInIndex = 0; path = Pods_RealmSample.framework; sourceTree = BUILT_PRODUCTS_DIR; };
/* End PBXFileReference section */

/* Begin PBXFrameworksBuildPhase section */
		3BB93D4D28A08B3100CCDAB3 /* Frameworks */ = {
			isa = PBXFrameworksBuildPhase;
			buildActionMask = 2147483647;
			files = (
				067968AB8C472EBC9EEE6356 /* Pods_RealmSample.framework in Frameworks */,
			);
			runOnlyForDeploymentPostprocessing = 0;
		};
/* End PBXFrameworksBuildPhase section */

/* Begin PBXGroup section */
		3B67BE4F28A08E16004B38E2 /* Views */ = {
			isa = PBXGroup;
			children = (
				3BB93D5928A08B3100CCDAB3 /* Main.storyboard */,
				3BCA979F28A092E1002D537B /* EditDataViewController.xib */,
			);
			path = Views;
			sourceTree = "<group>";
		};
		3B67BE5028A08E21004B38E2 /* Models */ = {
			isa = PBXGroup;
			children = (
				3BCA979B28A08EF3002D537B /* Person.swift */,
				3BCA979D28A08F42002D537B /* Dog.swift */,
			);
			path = Models;
			sourceTree = "<group>";
		};
		3B67BE5128A08E2C004B38E2 /* Controllers */ = {
			isa = PBXGroup;
			children = (
				3BB93D5728A08B3100CCDAB3 /* PersonListViewController.swift */,
				3BCA97A128A092ED002D537B /* EditDataViewController.swift */,
			);
			path = Controllers;
			sourceTree = "<group>";
		};
		3B67BE5228A08E4C004B38E2 /* Resources */ = {
			isa = PBXGroup;
			children = (
				3BB93D5C28A08B3100CCDAB3 /* Assets.xcassets */,
				3BB93D6128A08B3100CCDAB3 /* Info.plist */,
			);
			path = Resources;
			sourceTree = "<group>";
		};
		3BB93D4728A08B3100CCDAB3 = {
			isa = PBXGroup;
			children = (
				3BB93D5228A08B3100CCDAB3 /* RealmSample */,
				3BB93D5128A08B3100CCDAB3 /* Products */,
				CD9A42D5418F72A2B9C0F0C7 /* Pods */,
				ABBF3963F9FC2688087ECB23 /* Frameworks */,
			);
			sourceTree = "<group>";
		};
		3BB93D5128A08B3100CCDAB3 /* Products */ = {
			isa = PBXGroup;
			children = (
				3BB93D5028A08B3100CCDAB3 /* RealmSample.app */,
			);
			name = Products;
			sourceTree = "<group>";
		};
		3BB93D5228A08B3100CCDAB3 /* RealmSample */ = {
			isa = PBXGroup;
			children = (
				3BB93D5328A08B3100CCDAB3 /* AppDelegate.swift */,
				3BB93D5528A08B3100CCDAB3 /* SceneDelegate.swift */,
				3BB93D5E28A08B3100CCDAB3 /* LaunchScreen.storyboard */,
				3B67BE5028A08E21004B38E2 /* Models */,
				3B67BE4F28A08E16004B38E2 /* Views */,
				3B67BE5128A08E2C004B38E2 /* Controllers */,
				3B67BE5228A08E4C004B38E2 /* Resources */,
			);
			path = RealmSample;
			sourceTree = "<group>";
		};
		ABBF3963F9FC2688087ECB23 /* Frameworks */ = {
			isa = PBXGroup;
			children = (
				C34A606CF79B9EAB6FF477BB /* Pods_RealmSample.framework */,
			);
			name = Frameworks;
			sourceTree = "<group>";
		};
		CD9A42D5418F72A2B9C0F0C7 /* Pods */ = {
			isa = PBXGroup;
			children = (
				69674743277DE3E63129A173 /* Pods-RealmSample.debug.xcconfig */,
				3F6D7850BD02FB2D2E253D1A /* Pods-RealmSample.release.xcconfig */,
			);
			path = Pods;
			sourceTree = "<group>";
		};
/* End PBXGroup section */

/* Begin PBXNativeTarget section */
		3BB93D4F28A08B3100CCDAB3 /* RealmSample */ = {
			isa = PBXNativeTarget;
			buildConfigurationList = 3BB93D6428A08B3100CCDAB3 /* Build configuration list for PBXNativeTarget "RealmSample" */;
			buildPhases = (
				83220CA7DB4069806858C150 /* [CP] Check Pods Manifest.lock */,
				3BB93D4C28A08B3100CCDAB3 /* Sources */,
				3BB93D4D28A08B3100CCDAB3 /* Frameworks */,
				3BB93D4E28A08B3100CCDAB3 /* Resources */,
				BD105370DF7AB7FD8B3B6F43 /* [CP] Embed Pods Frameworks */,
			);
			buildRules = (
			);
			dependencies = (
			);
			name = RealmSample;
			productName = RealmSample;
			productReference = 3BB93D5028A08B3100CCDAB3 /* RealmSample.app */;
			productType = "com.apple.product-type.application";
		};
/* End PBXNativeTarget section */

/* Begin PBXProject section */
		3BB93D4828A08B3100CCDAB3 /* Project object */ = {
			isa = PBXProject;
			attributes = {
				BuildIndependentTargetsInParallel = 1;
				LastSwiftUpdateCheck = 1340;
				LastUpgradeCheck = 1340;
				TargetAttributes = {
					3BB93D4F28A08B3100CCDAB3 = {
						CreatedOnToolsVersion = 13.4.1;
					};
				};
			};
			buildConfigurationList = 3BB93D4B28A08B3100CCDAB3 /* Build configuration list for PBXProject "RealmSample" */;
			compatibilityVersion = "Xcode 13.0";
			developmentRegion = en;
			hasScannedForEncodings = 0;
			knownRegions = (
				en,
				Base,
			);
			mainGroup = 3BB93D4728A08B3100CCDAB3;
			productRefGroup = 3BB93D5128A08B3100CCDAB3 /* Products */;
			projectDirPath = "";
			projectRoot = "";
			targets = (
				3BB93D4F28A08B3100CCDAB3 /* RealmSample */,
			);
		};
/* End PBXProject section */

/* Begin PBXResourcesBuildPhase section */
		3BB93D4E28A08B3100CCDAB3 /* Resources */ = {
			isa = PBXResourcesBuildPhase;
			buildActionMask = 2147483647;
			files = (
				3BB93D6028A08B3100CCDAB3 /* LaunchScreen.storyboard in Resources */,
				3BB93D5D28A08B3100CCDAB3 /* Assets.xcassets in Resources */,
				3BCA97A028A092E1002D537B /* EditDataViewController.xib in Resources */,
				3BB93D5B28A08B3100CCDAB3 /* Main.storyboard in Resources */,
			);
			runOnlyForDeploymentPostprocessing = 0;
		};
/* End PBXResourcesBuildPhase section */

/* Begin PBXShellScriptBuildPhase section */
		83220CA7DB4069806858C150 /* [CP] Check Pods Manifest.lock */ = {
			isa = PBXShellScriptBuildPhase;
			buildActionMask = 2147483647;
			files = (
			);
			inputFileListPaths = (
			);
			inputPaths = (
				"${PODS_PODFILE_DIR_PATH}/Podfile.lock",
				"${PODS_ROOT}/Manifest.lock",
			);
			name = "[CP] Check Pods Manifest.lock";
			outputFileListPaths = (
			);
			outputPaths = (
				"$(DERIVED_FILE_DIR)/Pods-RealmSample-checkManifestLockResult.txt",
			);
			runOnlyForDeploymentPostprocessing = 0;
			shellPath = /bin/sh;
			shellScript = "diff \"${PODS_PODFILE_DIR_PATH}/Podfile.lock\" \"${PODS_ROOT}/Manifest.lock\" > /dev/null\nif [ $? != 0 ] ; then\n    # print error to STDERR\n    echo \"error: The sandbox is not in sync with the Podfile.lock. Run 'pod install' or update your CocoaPods installation.\" >&2\n    exit 1\nfi\n# This output is used by Xcode 'outputs' to avoid re-running this script phase.\necho \"SUCCESS\" > \"${SCRIPT_OUTPUT_FILE_0}\"\n";
			showEnvVarsInLog = 0;
		};
		BD105370DF7AB7FD8B3B6F43 /* [CP] Embed Pods Frameworks */ = {
			isa = PBXShellScriptBuildPhase;
			buildActionMask = 2147483647;
			files = (
			);
			inputFileListPaths = (
				"${PODS_ROOT}/Target Support Files/Pods-RealmSample/Pods-RealmSample-frameworks-${CONFIGURATION}-input-files.xcfilelist",
			);
			name = "[CP] Embed Pods Frameworks";
			outputFileListPaths = (
				"${PODS_ROOT}/Target Support Files/Pods-RealmSample/Pods-RealmSample-frameworks-${CONFIGURATION}-output-files.xcfilelist",
			);
			runOnlyForDeploymentPostprocessing = 0;
			shellPath = /bin/sh;
			shellScript = "\"${PODS_ROOT}/Target Support Files/Pods-RealmSample/Pods-RealmSample-frameworks.sh\"\n";
			showEnvVarsInLog = 0;
		};
/* End PBXShellScriptBuildPhase section */

/* Begin PBXSourcesBuildPhase section */
		3BB93D4C28A08B3100CCDAB3 /* Sources */ = {
			isa = PBXSourcesBuildPhase;
			buildActionMask = 2147483647;
			files = (
				3BB93D5828A08B3100CCDAB3 /* PersonListViewController.swift in Sources */,
				3BB93D5428A08B3100CCDAB3 /* AppDelegate.swift in Sources */,
				3BCA97A228A092ED002D537B /* EditDataViewController.swift in Sources */,
				3BCA979C28A08EF3002D537B /* Person.swift in Sources */,
				3BCA979E28A08F42002D537B /* Dog.swift in Sources */,
				3BB93D5628A08B3100CCDAB3 /* SceneDelegate.swift in Sources */,
			);
			runOnlyForDeploymentPostprocessing = 0;
		};
/* End PBXSourcesBuildPhase section */

/* Begin PBXVariantGroup section */
		3BB93D5928A08B3100CCDAB3 /* Main.storyboard */ = {
			isa = PBXVariantGroup;
			children = (
				3BB93D5A28A08B3100CCDAB3 /* Base */,
			);
			name = Main.storyboard;
			sourceTree = "<group>";
		};
		3BB93D5E28A08B3100CCDAB3 /* LaunchScreen.storyboard */ = {
			isa = PBXVariantGroup;
			children = (
				3BB93D5F28A08B3100CCDAB3 /* Base */,
			);
			name = LaunchScreen.storyboard;
			sourceTree = "<group>";
		};
/* End PBXVariantGroup section */

/* Begin XCBuildConfiguration section */
		3BB93D6228A08B3100CCDAB3 /* Debug */ = {
			isa = XCBuildConfiguration;
			buildSettings = {
				ALWAYS_SEARCH_USER_PATHS = NO;
				CLANG_ANALYZER_NONNULL = YES;
				CLANG_ANALYZER_NUMBER_OBJECT_CONVERSION = YES_AGGRESSIVE;
				CLANG_CXX_LANGUAGE_STANDARD = "gnu++17";
				CLANG_ENABLE_MODULES = YES;
				CLANG_ENABLE_OBJC_ARC = YES;
				CLANG_ENABLE_OBJC_WEAK = YES;
				CLANG_WARN_BLOCK_CAPTURE_AUTORELEASING = YES;
				CLANG_WARN_BOOL_CONVERSION = YES;
				CLANG_WARN_COMMA = YES;
				CLANG_WARN_CONSTANT_CONVERSION = YES;
				CLANG_WARN_DEPRECATED_OBJC_IMPLEMENTATIONS = YES;
				CLANG_WARN_DIRECT_OBJC_ISA_USAGE = YES_ERROR;
				CLANG_WARN_DOCUMENTATION_COMMENTS = YES;
				CLANG_WARN_EMPTY_BODY = YES;
				CLANG_WARN_ENUM_CONVERSION = YES;
				CLANG_WARN_INFINITE_RECURSION = YES;
				CLANG_WARN_INT_CONVERSION = YES;
				CLANG_WARN_NON_LITERAL_NULL_CONVERSION = YES;
				CLANG_WARN_OBJC_IMPLICIT_RETAIN_SELF = YES;
				CLANG_WARN_OBJC_LITERAL_CONVERSION = YES;
				CLANG_WARN_OBJC_ROOT_CLASS = YES_ERROR;
				CLANG_WARN_QUOTED_INCLUDE_IN_FRAMEWORK_HEADER = YES;
				CLANG_WARN_RANGE_LOOP_ANALYSIS = YES;
				CLANG_WARN_STRICT_PROTOTYPES = YES;
				CLANG_WARN_SUSPICIOUS_MOVE = YES;
				CLANG_WARN_UNGUARDED_AVAILABILITY = YES_AGGRESSIVE;
				CLANG_WARN_UNREACHABLE_CODE = YES;
				CLANG_WARN__DUPLICATE_METHOD_MATCH = YES;
				COPY_PHASE_STRIP = NO;
				DEBUG_INFORMATION_FORMAT = dwarf;
				ENABLE_STRICT_OBJC_MSGSEND = YES;
				ENABLE_TESTABILITY = YES;
				GCC_C_LANGUAGE_STANDARD = gnu11;
				GCC_DYNAMIC_NO_PIC = NO;
				GCC_NO_COMMON_BLOCKS = YES;
				GCC_OPTIMIZATION_LEVEL = 0;
				GCC_PREPROCESSOR_DEFINITIONS = (
					"DEBUG=1",
					"$(inherited)",
				);
				GCC_WARN_64_TO_32_BIT_CONVERSION = YES;
				GCC_WARN_ABOUT_RETURN_TYPE = YES_ERROR;
				GCC_WARN_UNDECLARED_SELECTOR = YES;
				GCC_WARN_UNINITIALIZED_AUTOS = YES_AGGRESSIVE;
				GCC_WARN_UNUSED_FUNCTION = YES;
				GCC_WARN_UNUSED_VARIABLE = YES;
				IPHONEOS_DEPLOYMENT_TARGET = 15.5;
				MTL_ENABLE_DEBUG_INFO = INCLUDE_SOURCE;
				MTL_FAST_MATH = YES;
				ONLY_ACTIVE_ARCH = YES;
				SDKROOT = iphoneos;
				SWIFT_ACTIVE_COMPILATION_CONDITIONS = DEBUG;
				SWIFT_OPTIMIZATION_LEVEL = "-Onone";
			};
			name = Debug;
		};
		3BB93D6328A08B3100CCDAB3 /* Release */ = {
			isa = XCBuildConfiguration;
			buildSettings = {
				ALWAYS_SEARCH_USER_PATHS = NO;
				CLANG_ANALYZER_NONNULL = YES;
				CLANG_ANALYZER_NUMBER_OBJECT_CONVERSION = YES_AGGRESSIVE;
				CLANG_CXX_LANGUAGE_STANDARD = "gnu++17";
				CLANG_ENABLE_MODULES = YES;
				CLANG_ENABLE_OBJC_ARC = YES;
				CLANG_ENABLE_OBJC_WEAK = YES;
				CLANG_WARN_BLOCK_CAPTURE_AUTORELEASING = YES;
				CLANG_WARN_BOOL_CONVERSION = YES;
				CLANG_WARN_COMMA = YES;
				CLANG_WARN_CONSTANT_CONVERSION = YES;
				CLANG_WARN_DEPRECATED_OBJC_IMPLEMENTATIONS = YES;
				CLANG_WARN_DIRECT_OBJC_ISA_USAGE = YES_ERROR;
				CLANG_WARN_DOCUMENTATION_COMMENTS = YES;
				CLANG_WARN_EMPTY_BODY = YES;
				CLANG_WARN_ENUM_CONVERSION = YES;
				CLANG_WARN_INFINITE_RECURSION = YES;
				CLANG_WARN_INT_CONVERSION = YES;
				CLANG_WARN_NON_LITERAL_NULL_CONVERSION = YES;
				CLANG_WARN_OBJC_IMPLICIT_RETAIN_SELF = YES;
				CLANG_WARN_OBJC_LITERAL_CONVERSION = YES;
				CLANG_WARN_OBJC_ROOT_CLASS = YES_ERROR;
				CLANG_WARN_QUOTED_INCLUDE_IN_FRAMEWORK_HEADER = YES;
				CLANG_WARN_RANGE_LOOP_ANALYSIS = YES;
				CLANG_WARN_STRICT_PROTOTYPES = YES;
				CLANG_WARN_SUSPICIOUS_MOVE = YES;
				CLANG_WARN_UNGUARDED_AVAILABILITY = YES_AGGRESSIVE;
				CLANG_WARN_UNREACHABLE_CODE = YES;
				CLANG_WARN__DUPLICATE_METHOD_MATCH = YES;
				COPY_PHASE_STRIP = NO;
				DEBUG_INFORMATION_FORMAT = "dwarf-with-dsym";
				ENABLE_NS_ASSERTIONS = NO;
				ENABLE_STRICT_OBJC_MSGSEND = YES;
				GCC_C_LANGUAGE_STANDARD = gnu11;
				GCC_NO_COMMON_BLOCKS = YES;
				GCC_WARN_64_TO_32_BIT_CONVERSION = YES;
				GCC_WARN_ABOUT_RETURN_TYPE = YES_ERROR;
				GCC_WARN_UNDECLARED_SELECTOR = YES;
				GCC_WARN_UNINITIALIZED_AUTOS = YES_AGGRESSIVE;
				GCC_WARN_UNUSED_FUNCTION = YES;
				GCC_WARN_UNUSED_VARIABLE = YES;
				IPHONEOS_DEPLOYMENT_TARGET = 15.5;
				MTL_ENABLE_DEBUG_INFO = NO;
				MTL_FAST_MATH = YES;
				SDKROOT = iphoneos;
				SWIFT_COMPILATION_MODE = wholemodule;
				SWIFT_OPTIMIZATION_LEVEL = "-O";
				VALIDATE_PRODUCT = YES;
			};
			name = Release;
		};
		3BB93D6528A08B3100CCDAB3 /* Debug */ = {
			isa = XCBuildConfiguration;
			baseConfigurationReference = 69674743277DE3E63129A173 /* Pods-RealmSample.debug.xcconfig */;
			buildSettings = {
				ASSETCATALOG_COMPILER_APPICON_NAME = AppIcon;
				ASSETCATALOG_COMPILER_GLOBAL_ACCENT_COLOR_NAME = AccentColor;
				CODE_SIGN_STYLE = Automatic;
				CURRENT_PROJECT_VERSION = 1;
				DEVELOPMENT_TEAM = 8JEHPP3L74;
				GENERATE_INFOPLIST_FILE = YES;
				INFOPLIST_FILE = RealmSample/Resources/Info.plist;
				INFOPLIST_KEY_UIApplicationSupportsIndirectInputEvents = YES;
				INFOPLIST_KEY_UILaunchStoryboardName = LaunchScreen;
				INFOPLIST_KEY_UIMainStoryboardFile = Main;
				INFOPLIST_KEY_UISupportedInterfaceOrientations_iPad = "UIInterfaceOrientationPortrait UIInterfaceOrientationPortraitUpsideDown UIInterfaceOrientationLandscapeLeft UIInterfaceOrientationLandscapeRight";
				INFOPLIST_KEY_UISupportedInterfaceOrientations_iPhone = "UIInterfaceOrientationPortrait UIInterfaceOrientationLandscapeLeft UIInterfaceOrientationLandscapeRight";
				IPHONEOS_DEPLOYMENT_TARGET = 15.0;
				LD_RUNPATH_SEARCH_PATHS = (
					"$(inherited)",
					"@executable_path/Frameworks",
				);
				MARKETING_VERSION = 1.0;
				PRODUCT_BUNDLE_IDENTIFIER = "com.init-inc.RealmSample";
				PRODUCT_NAME = "$(TARGET_NAME)";
				SWIFT_EMIT_LOC_STRINGS = YES;
				SWIFT_VERSION = 5.0;
				TARGETED_DEVICE_FAMILY = "1,2";
			};
			name = Debug;
		};
		3BB93D6628A08B3100CCDAB3 /* Release */ = {
			isa = XCBuildConfiguration;
			baseConfigurationReference = 3F6D7850BD02FB2D2E253D1A /* Pods-RealmSample.release.xcconfig */;
			buildSettings = {
				ASSETCATALOG_COMPILER_APPICON_NAME = AppIcon;
				ASSETCATALOG_COMPILER_GLOBAL_ACCENT_COLOR_NAME = AccentColor;
				CODE_SIGN_STYLE = Automatic;
				CURRENT_PROJECT_VERSION = 1;
				DEVELOPMENT_TEAM = 8JEHPP3L74;
				GENERATE_INFOPLIST_FILE = YES;
				INFOPLIST_FILE = RealmSample/Resources/Info.plist;
				INFOPLIST_KEY_UIApplicationSupportsIndirectInputEvents = YES;
				INFOPLIST_KEY_UILaunchStoryboardName = LaunchScreen;
				INFOPLIST_KEY_UIMainStoryboardFile = Main;
				INFOPLIST_KEY_UISupportedInterfaceOrientations_iPad = "UIInterfaceOrientationPortrait UIInterfaceOrientationPortraitUpsideDown UIInterfaceOrientationLandscapeLeft UIInterfaceOrientationLandscapeRight";
				INFOPLIST_KEY_UISupportedInterfaceOrientations_iPhone = "UIInterfaceOrientationPortrait UIInterfaceOrientationLandscapeLeft UIInterfaceOrientationLandscapeRight";
				IPHONEOS_DEPLOYMENT_TARGET = 15.0;
				LD_RUNPATH_SEARCH_PATHS = (
					"$(inherited)",
					"@executable_path/Frameworks",
				);
				MARKETING_VERSION = 1.0;
				PRODUCT_BUNDLE_IDENTIFIER = "com.init-inc.RealmSample";
				PRODUCT_NAME = "$(TARGET_NAME)";
				SWIFT_EMIT_LOC_STRINGS = YES;
				SWIFT_VERSION = 5.0;
				TARGETED_DEVICE_FAMILY = "1,2";
			};
			name = Release;
		};
/* End XCBuildConfiguration section */

/* Begin XCConfigurationList section */
		3BB93D4B28A08B3100CCDAB3 /* Build configuration list for PBXProject "RealmSample" */ = {
			isa = XCConfigurationList;
			buildConfigurations = (
				3BB93D6228A08B3100CCDAB3 /* Debug */,
				3BB93D6328A08B3100CCDAB3 /* Release */,
			);
			defaultConfigurationIsVisible = 0;
			defaultConfigurationName = Release;
		};
		3BB93D6428A08B3100CCDAB3 /* Build configuration list for PBXNativeTarget "RealmSample" */ = {
			isa = XCConfigurationList;
			buildConfigurations = (
				3BB93D6528A08B3100CCDAB3 /* Debug */,
				3BB93D6628A08B3100CCDAB3 /* Release */,
			);
			defaultConfigurationIsVisible = 0;
			defaultConfigurationName = Release;
		};
/* End XCConfigurationList section */
	};
	rootObject = 3BB93D4828A08B3100CCDAB3 /* Project object */;
}
